
Microsoft Visual Studio Solution File, Format Version 12.00
# Visual Studio Version 17
VisualStudioVersion = 17.6.33815.320
MinimumVisualStudioVersion = 10.0.40219.1
Project("{FAE04EC0-301F-11D3-BF4B-00C04F79EFBC}") = "finance management System", "finance management System\finance management System.csproj", "{893D35CD-590C-40CA-B07C-00B92DFC80E8}"
EndProject
Global
	GlobalSection(SolutionConfigurationPlatforms) = preSolution
		Debug|Any CPU = Debug|Any CPU
		Release|Any CPU = Release|Any CPU
	EndGlobalSection
	GlobalSection(ProjectConfigurationPlatforms) = postSolution
		{893D35CD-590C-40CA-B07C-00B92DFC80E8}.Debug|Any CPU.ActiveCfg = Debug|Any CPU
		{893D35CD-590C-40CA-B07C-00B92DFC80E8}.Debug|Any CPU.Build.0 = Debug|Any CPU
		{893D35CD-590C-40CA-B07C-00B92DFC80E8}.Release|Any CPU.ActiveCfg = Release|Any CPU
		{893D35CD-590C-40CA-B07C-00B92DFC80E8}.Release|Any CPU.Build.0 = Release|Any CPU
	EndGlobalSection
	GlobalSection(SolutionProperties) = preSolution
		HideSolutionNode = FALSE
	EndGlobalSection
	GlobalSection(ExtensibilityGlobals) = postSolution
		SolutionGuid = {CD26042D-7496-4D31-AD01-09EF54699B93}
	EndGlobalSection
EndGlobal
